{
    "_meta": {
        "hash": {
            "sha256": "fa59dd0c99e990887fd4510e5586ddc3fc8267c41ddf5c8da032b768310eb605"
        },
        "pipfile-spec": 6,
        "requires": {
            "python_version": "3.12"
        },
        "sources": [
            {
                "name": "pypi",
                "url": "https://pypi.org/simple",
                "verify_ssl": true
            }
        ]
    },
    "default": {
        "pymupdf": {
            "hashes": [
                "sha256:029ca9334acd369bd8f133717c31b8386bea6fbea9a0e3af3c1abc73aeaf13ec",
                "sha256:03f9e8656e2799a2d7a1d69719da4cd45ce9a030e06a5887e04c5d531035bfa2",
                "sha256:05997af6b8a0078af1f0556493335d0d2bec24b303bd617cf768035d440369b7",
                "sha256:07567bed6c498506be6a9e96fdbc458449b29b574b581a601730f48f9a4e1bb7",
                "sha256:1156240b52d68a3d5e104719c0d559ab3aaf6323e53e8dad6bfb1ec614318f7f",
                "sha256:15aa2cb28e5275cdff2bd43416737a34802f0b0032c717b4c6aaceeaace49d7f",
                "sha256:1ae2abb8aff9cf0b5e5ef9eb36cfc040d92c9dcbef5793f0f99dfb8cc277adce",
                "sha256:1aed718f3793d1f34cd1006ce5b4f33436f7279e148094f4fc65377e50b49f39",
                "sha256:258fdc4f7d42978fba1047108dc2172689ffa35a048a7908cda47952e47a761d",
                "sha256:25c7cbed34cf02d62f8f8011b5ca1fdf7d16ebc2a649938f2b63d987b8158abf",
                "sha256:28596474d2da25735da27625c07c474e1fa07f743d31a99591e7caa52ce30c5e",
                "sha256:2b7f4d7db2beba61751de917f571d7c7f3f6c45f7fecb0218f143b9b9bcf517d",
                "sha256:2daf5a1f6c511822f94798ccc8760b48561bafe5b965beef4d21f9b65c358b81",
                "sha256:4b1f4da5d37f9e5be659fe34e145deb1111dd62c51dbec8928b02057d48b557b",
                "sha256:50edf1177b4176794cbace1f920c8e70c641184aa233ddee678210b59f59ae84",
                "sha256:5b1fe766c7a8312bd3ece4cc331fdc80e51ccea4f2d0f2d58a18b7cc10bd3857",
                "sha256:5f9d799118475dc1a295f736c136dff55a66b3e4568e7cb470c2538122e14f61",
                "sha256:5ffaff6967e04a76131cf7f56d2e1b328192105e9f7fde074aca6021bd9171d3",
                "sha256:637271c5e19e97781a061df4ef6e2a08ce6cb33b553de4bbee6323b08eee4d84",
                "sha256:6872420aeb5a058093983ff06d987d6fbbe184e9e8665232320bc8ede808bc15",
                "sha256:76cbdf6670c0df28610b77c5da4e71a67e5e337c1c2e473ea0ce05e1a079c443",
                "sha256:9121e2ea3ec0f862025535663e5953bf12bbae45f7d11c21e0888a31ebd14875",
                "sha256:9bc3950d9ee2afb69e0e228c354f4a6cc8b82d8989bead39e4d1a0ca2a6687b0",
                "sha256:a0443f6ff6c0b546aa432b400248b4d03206b4a8817c970c8c0c7b5d99461525",
                "sha256:a43fd2c77f627c837719b68c40fb54a8df86883923445af2e1e1e7a014b68d2e",
                "sha256:a98a73137955d59f199ef10341f4583fccea38b7fe8d2137c26d11ca8c0d1ed0",
                "sha256:b775138e234fc6d6eaaf2dbfb40bc34dea64a67b50ffa4df623fdb2ce63581f4",
                "sha256:bbc148423b9825a7fa90695fd34d9a882db1361901848938f184a4da655099fe",
                "sha256:c6cc731bd03e9f93b9adff1f680de780828725aa004f66768a98f252f584520b",
                "sha256:c9100aa15c409058568428e4c7ddc48d70814dbd667e6e6fcb7972c053e59aae",
                "sha256:eab54d8162d07f5916025744e5857b8cb21a0e23319cc1982b7b5040df86f655"
            ],
            "index": "pypi",
            "markers": "python_version >= '3.8'",
            "version": "==1.24.4"
        },
        "pymupdfb": {
            "hashes": [
                "sha256:0d606a10cb828cefc9f864bf67bc9d46e8007af55e643f022b59d378af4151a8",
                "sha256:3e7aab000d707c40e3254cd60152897b90952ed9a3567584d70974292f4912ce",
                "sha256:7cc5da3031d160e0f01dbb88567ddca70adc82f062a3a5b4e2dd2a57646f442c",
                "sha256:ad51d21086a16199684a3eebcb47d9c8460fc27e7bebae77f5fe64e8c34ebf34",
                "sha256:d2ccca660042896d4af479f979ec10674c5a0b3cd2d9ecb0011f08dc82380cce",
                "sha256:e88289bd4b4afe5966a028774b302f37d4b51dad5c5e6720dd04524910db6c6e",
                "sha256:f39588fd2b7a63e2456df42cd8925c316202e0eb77d115d9c01ba032b2c9086f"
            ],
            "markers": "python_version >= '3.8'",
            "version": "==1.24.3"
        }
    },
    "develop": {}
}
