{
    "_meta": {
        "hash": {
            "sha256": "bb6aca59792d97f32273e534de41897112f639d136d8734aaa7202f3f2257663"
        },
        "pipfile-spec": 6,
        "requires": {
            "python_full_version": "3.12.4",
            "python_version": "3.12"
        },
        "sources": [
            {
                "name": "pypi",
                "url": "https://pypi.org/simple",
                "verify_ssl": true
            }
        ]
    },
    "default": {
        "organigram-extract": {
            "editable": true,
            "file": "."
        }
    },
    "develop": {}
}
